Microsoft Visual Studio Solution File, Format Version 12.00
# Visual Studio Version 17
VisualStudioVersion = 17.1.32113.165
MinimumVisualStudioVersion = 10.0.40219.1
Project("{9A19103F-16F7-4668-BE54-9A1E7A4F7556}") = "CDMyMeshSender", "179 - Mesh Sender\CDMyMeshSender\CDMyMeshSender.csproj", "{38CC1070-FD41-40B0-99A0-27BC7C1929B7}"
	ProjectSection(ProjectDependencies) = postProject
		{CC7D7CFB-9EB8-45F6-8791-B95E8ED2B125} = {CC7D7CFB-9EB8-45F6-8791-B95E8ED2B125}
	EndProjectSection
EndProject
Project("{9A19103F-16F7-4668-BE54-9A1E7A4F7556}") = "CDMyMeshReceiver", "180 - Mesh Receiver\CDMyMeshReceiver\CDMyMeshReceiver.csproj", "{58B19F93-07C5-42BD-A6E1-88B896F743CD}"
	ProjectSection(ProjectDependencies) = postProject
		{CC7D7CFB-9EB8-45F6-8791-B95E8ED2B125} = {CC7D7CFB-9EB8-45F6-8791-B95E8ED2B125}
	EndProjectSection
EndProject
Project("{9A19103F-16F7-4668-BE54-9A1E7A4F7556}") = "CDMyThingProvisioning", "175 - ThingProvisioning\CDMyThingProvisioning\CDMyThingProvisioning.csproj", "{E182D68F-D6A5-4BFA-A537-1954E9E7DBD2}"
	ProjectSection(ProjectDependencies) = postProject
		{CC7D7CFB-9EB8-45F6-8791-B95E8ED2B125} = {CC7D7CFB-9EB8-45F6-8791-B95E8ED2B125}
	EndProjectSection
EndProject
Project("{9A19103F-16F7-4668-BE54-9A1E7A4F7556}") = "CDMyPrometheusExporter", "188 - PrometheusExporter\CDMyPrometheusExporter\CDMyPrometheusExporter.csproj", "{AE2B88F8-0B5E-470D-802B-8D6770C4B60C}"
	ProjectSection(ProjectDependencies) = postProject
		{CC7D7CFB-9EB8-45F6-8791-B95E8ED2B125} = {CC7D7CFB-9EB8-45F6-8791-B95E8ED2B125}
	EndProjectSection
EndProject
Project("{9A19103F-16F7-4668-BE54-9A1E7A4F7556}") = "C-DMyComputer", "040 - C-MyComputer\C-DMyComputer (PC)\C-DMyComputer.csproj", "{AE86FB00-191C-40A5-929D-3E0F62B62D1D}"
	ProjectSection(ProjectDependencies) = postProject
		{CC7D7CFB-9EB8-45F6-8791-B95E8ED2B125} = {CC7D7CFB-9EB8-45F6-8791-B95E8ED2B125}
	EndProjectSection
EndProject
Project("{9A19103F-16F7-4668-BE54-9A1E7A4F7556}") = "C-DMyVThings", "066 - C-MyVThings\C-DMyVThings\C-DMyVThings.csproj", "{11BFE5F8-3102-4868-8393-8D9C2BCF9369}"
	ProjectSection(ProjectDependencies) = postProject
		{CC7D7CFB-9EB8-45F6-8791-B95E8ED2B125} = {CC7D7CFB-9EB8-45F6-8791-B95E8ED2B125}
	EndProjectSection
EndProject
Project("{9A19103F-16F7-4668-BE54-9A1E7A4F7556}") = "C-DMyVisitorLog", "103 - CMyVisitorLog\C-DMyVisitorLog\C-DMyVisitorLog.csproj", "{DD82C159-3F12-46BD-A16D-15D0B9BE64A2}"
	ProjectSection(ProjectDependencies) = postProject
		{CC7D7CFB-9EB8-45F6-8791-B95E8ED2B125} = {CC7D7CFB-9EB8-45F6-8791-B95E8ED2B125}
	EndProjectSection
EndProject
Project("{9A19103F-16F7-4668-BE54-9A1E7A4F7556}") = "CDMyLogger", "178 - External Logger\CDMyLogger\CDMyLogger.csproj", "{D8D5EC07-21AE-44D2-90E9-5C692A3ADAF8}"
	ProjectSection(ProjectDependencies) = postProject
		{CC7D7CFB-9EB8-45F6-8791-B95E8ED2B125} = {CC7D7CFB-9EB8-45F6-8791-B95E8ED2B125}
	EndProjectSection
EndProject
Project("{2150E333-8FDC-42A3-9474-1A3956D46DE8}") = "_Licenses", "_Licenses", "{F35DC658-36F9-4B60-9631-92F6C807FE85}"
	ProjectSection(SolutionItems) = preProject
		..\.reuse\dep5 = ..\.reuse\dep5
		..\LICENSE = ..\LICENSE
		..\LICENSES\MPL-2.0.txt = ..\LICENSES\MPL-2.0.txt
	EndProjectSection
EndProject
Project("{2150E333-8FDC-42A3-9474-1A3956D46DE8}") = "_Build", "_Build", "{D8C22184-8D50-440E-AFA0-2090A6A6AC98}"
	ProjectSection(SolutionItems) = preProject
		..\.gitignore = ..\.gitignore
		..\Directory.Build.props = ..\Directory.Build.props
		..\Directory.Build.targets = ..\Directory.Build.targets
		..\.github\workflows\dotnetcore.yml = ..\.github\workflows\dotnetcore.yml
		..\GitVersion.yml = ..\GitVersion.yml
		..\NuGet.config = ..\NuGet.config
		..\BuildTools\README.md = ..\BuildTools\README.md
		..\BuildTools\SignAndPackage.cmd = ..\BuildTools\SignAndPackage.cmd
		..\BuildTools\SignAndPackageS.cmd = ..\BuildTools\SignAndPackageS.cmd
		..\BuildTools\signMeSha.bat = ..\BuildTools\signMeSha.bat
	EndProjectSection
EndProject
Project("{2150E333-8FDC-42A3-9474-1A3956D46DE8}") = "_Readme", "_Readme", "{1637ECB6-2E63-46DA-97EF-E4C0718305E7}"
	ProjectSection(SolutionItems) = preProject
		..\README.md = ..\README.md
		readme.md = readme.md
	EndProjectSection
EndProject
Project("{9A19103F-16F7-4668-BE54-9A1E7A4F7556}") = "PackagerInstaller", "..\BuildTools\PackagerInstaller\PackagerInstaller.csproj", "{CC7D7CFB-9EB8-45F6-8791-B95E8ED2B125}"
EndProject
Project("{9A19103F-16F7-4668-BE54-9A1E7A4F7556}") = "C-DMyNetwork", "093 - CDMyNetwork\C-DMyNetwork\C-DMyNetwork.csproj", "{FCCE39BA-5EA7-4D06-AD08-79FD7229FBDE}"
EndProject
Project("{9A19103F-16F7-4668-BE54-9A1E7A4F7556}") = "CDMyRulesEngine", "149 - CDMyRulesEngine\CDMyRulesEngine\CDMyRulesEngine.csproj", "{A023A925-2B2C-49D0-A537-68A581938824}"
EndProject
Project("{9A19103F-16F7-4668-BE54-9A1E7A4F7556}") = "C-DMyMessages", "079 - CDMyMessages\C-DMyMessages\C-DMyMessages.csproj", "{BD605ABF-E950-4D45-8692-4FF0A81A4106}"
EndProject
Project("{9A19103F-16F7-4668-BE54-9A1E7A4F7556}") = "CDMyMSSQLStorage", "150 - CDMyMSSQL\CDMyMSSQL\CDMyMSSQLStorage.csproj", "{CDE796FD-C24E-4AB5-B6FA-4213865C430A}"
EndProject
Project("{9A19103F-16F7-4668-BE54-9A1E7A4F7556}") = "CDMyWebRelay", "151 - CDMyWebRelay\CDMyWebRelay\CDMyWebRelay.csproj", "{71B8DBFD-7DBE-4CA0-94EC-C7F13B5EF4A6}"
EndProject
Project("{9A19103F-16F7-4668-BE54-9A1E7A4F7556}") = "CDMyMqttSender", "182 - MQTT Sender\CDMyMqttSender\CDMyMqttSender.csproj", "{4165FED4-1E63-4915-B096-F02EAE28ABEC}"
EndProject
Project("{2150E333-8FDC-42A3-9474-1A3956D46DE8}") = "MQTT Sender", "MQTT Sender", "{52B297F8-501B-4E8F-B7B4-E5040973F429}"
EndProject
Project("{9A19103F-16F7-4668-BE54-9A1E7A4F7556}") = "GnatMQ.Std", "182 - MQTT Sender\GnatMQ\GnatMQ.Std.csproj", "{CE4F65F7-9FFC-4499-A201-B0462C1F0D52}"
EndProject
Project("{2150E333-8FDC-42A3-9474-1A3956D46DE8}") = "Modbus", "Modbus", "{E4BAAA74-B2C3-4398-924B-E9DB953B0B1C}"
	ProjectSection(SolutionItems) = preProject
		123 - CDMyModbus\readme.md = 123 - CDMyModbus\readme.md
	EndProjectSection
EndProject
Project("{D954291E-2A0B-460D-934E-DC6B0785DB48}") = "NModbus4Shared", "123 - CDMyModbus\NModbus4Shared\NModbus4Shared.shproj", "{87D6EA89-F134-41B9-8015-5E5CF7B93DA2}"
EndProject
Project("{9A19103F-16F7-4668-BE54-9A1E7A4F7556}") = "CDMyModbus", "123 - CDMyModbus\CDMyModbus\CDMyModbus.csproj", "{F810D2D8-ABB9-43C5-9053-827CB51CA6BA}"
EndProject
Project("{9A19103F-16F7-4668-BE54-9A1E7A4F7556}") = "CDMyOPCUAClient", "078 - CDMyOPCUAClient\CDMyOPCUAClient\CDMyOPCUAClient.csproj", "{0C64460B-FA2F-412B-B1FC-DBB5AFF10FFF}"
EndProject
Project("{9A19103F-16F7-4668-BE54-9A1E7A4F7556}") = "CDMyImages", "160 - CDMyImages\CDMyImages\CDMyImages.csproj", "{F0237369-3723-495A-96BF-5D0A1BB5B1EA}"
EndProject
Project("{2150E333-8FDC-42A3-9474-1A3956D46DE8}") = "_Packager", "_Packager", "{A43BEFE9-AF2B-44B2-A176-BAF6D68D0633}"
	ProjectSection(SolutionItems) = preProject
		..\BuildTools\cdePackager\C-DEngine.dll = ..\BuildTools\cdePackager\C-DEngine.dll
		..\BuildTools\cdePackager\cdePackager.exe = ..\BuildTools\cdePackager\cdePackager.exe
		..\BuildTools\cdePackager\cdePackagerTask.dll = ..\BuildTools\cdePackager\cdePackagerTask.dll
	EndProjectSection
EndProject
Global
	GlobalSection(SolutionConfigurationPlatforms) = preSolution
		Debug|Any CPU = Debug|Any CPU
		Release|Any CPU = Release|Any CPU
	EndGlobalSection
	GlobalSection(ProjectConfigurationPlatforms) = postSolution
		{38CC1070-FD41-40B0-99A0-27BC7C1929B7}.Debug|Any CPU.ActiveCfg = Debug|Any CPU
		{38CC1070-FD41-40B0-99A0-27BC7C1929B7}.Debug|Any CPU.Build.0 = Debug|Any CPU
		{38CC1070-FD41-40B0-99A0-27BC7C1929B7}.Release|Any CPU.ActiveCfg = Release|Any CPU
		{38CC1070-FD41-40B0-99A0-27BC7C1929B7}.Release|Any CPU.Build.0 = Release|Any CPU
		{58B19F93-07C5-42BD-A6E1-88B896F743CD}.Debug|Any CPU.ActiveCfg = Debug|Any CPU
		{58B19F93-07C5-42BD-A6E1-88B896F743CD}.Debug|Any CPU.Build.0 = Debug|Any CPU
		{58B19F93-07C5-42BD-A6E1-88B896F743CD}.Release|Any CPU.ActiveCfg = Release|Any CPU
		{58B19F93-07C5-42BD-A6E1-88B896F743CD}.Release|Any CPU.Build.0 = Release|Any CPU
		{E182D68F-D6A5-4BFA-A537-1954E9E7DBD2}.Debug|Any CPU.ActiveCfg = Debug|Any CPU
		{E182D68F-D6A5-4BFA-A537-1954E9E7DBD2}.Debug|Any CPU.Build.0 = Debug|Any CPU
		{E182D68F-D6A5-4BFA-A537-1954E9E7DBD2}.Release|Any CPU.ActiveCfg = Release|Any CPU
		{E182D68F-D6A5-4BFA-A537-1954E9E7DBD2}.Release|Any CPU.Build.0 = Release|Any CPU
		{AE2B88F8-0B5E-470D-802B-8D6770C4B60C}.Debug|Any CPU.ActiveCfg = Debug|Any CPU
		{AE2B88F8-0B5E-470D-802B-8D6770C4B60C}.Debug|Any CPU.Build.0 = Debug|Any CPU
		{AE2B88F8-0B5E-470D-802B-8D6770C4B60C}.Release|Any CPU.ActiveCfg = Release|Any CPU
		{AE2B88F8-0B5E-470D-802B-8D6770C4B60C}.Release|Any CPU.Build.0 = Release|Any CPU
		{AE86FB00-191C-40A5-929D-3E0F62B62D1D}.Debug|Any CPU.ActiveCfg = Debug|Any CPU
		{AE86FB00-191C-40A5-929D-3E0F62B62D1D}.Debug|Any CPU.Build.0 = Debug|Any CPU
		{AE86FB00-191C-40A5-929D-3E0F62B62D1D}.Release|Any CPU.ActiveCfg = Release|Any CPU
		{AE86FB00-191C-40A5-929D-3E0F62B62D1D}.Release|Any CPU.Build.0 = Release|Any CPU
		{11BFE5F8-3102-4868-8393-8D9C2BCF9369}.Debug|Any CPU.ActiveCfg = Debug|Any CPU
		{11BFE5F8-3102-4868-8393-8D9C2BCF9369}.Debug|Any CPU.Build.0 = Debug|Any CPU
		{11BFE5F8-3102-4868-8393-8D9C2BCF9369}.Release|Any CPU.ActiveCfg = Release|Any CPU
		{11BFE5F8-3102-4868-8393-8D9C2BCF9369}.Release|Any CPU.Build.0 = Release|Any CPU
		{DD82C159-3F12-46BD-A16D-15D0B9BE64A2}.Debug|Any CPU.ActiveCfg = Debug|Any CPU
		{DD82C159-3F12-46BD-A16D-15D0B9BE64A2}.Debug|Any CPU.Build.0 = Debug|Any CPU
		{DD82C159-3F12-46BD-A16D-15D0B9BE64A2}.Release|Any CPU.ActiveCfg = Release|Any CPU
		{DD82C159-3F12-46BD-A16D-15D0B9BE64A2}.Release|Any CPU.Build.0 = Release|Any CPU
		{D8D5EC07-21AE-44D2-90E9-5C692A3ADAF8}.Debug|Any CPU.ActiveCfg = Debug|Any CPU
		{D8D5EC07-21AE-44D2-90E9-5C692A3ADAF8}.Debug|Any CPU.Build.0 = Debug|Any CPU
		{D8D5EC07-21AE-44D2-90E9-5C692A3ADAF8}.Release|Any CPU.ActiveCfg = Release|Any CPU
		{D8D5EC07-21AE-44D2-90E9-5C692A3ADAF8}.Release|Any CPU.Build.0 = Release|Any CPU
		{CC7D7CFB-9EB8-45F6-8791-B95E8ED2B125}.Debug|Any CPU.ActiveCfg = Debug|Any CPU
		{CC7D7CFB-9EB8-45F6-8791-B95E8ED2B125}.Debug|Any CPU.Build.0 = Debug|Any CPU
		{CC7D7CFB-9EB8-45F6-8791-B95E8ED2B125}.Release|Any CPU.ActiveCfg = Release|Any CPU
		{CC7D7CFB-9EB8-45F6-8791-B95E8ED2B125}.Release|Any CPU.Build.0 = Release|Any CPU
		{FCCE39BA-5EA7-4D06-AD08-79FD7229FBDE}.Debug|Any CPU.ActiveCfg = Debug|Any CPU
		{FCCE39BA-5EA7-4D06-AD08-79FD7229FBDE}.Debug|Any CPU.Build.0 = Debug|Any CPU
		{FCCE39BA-5EA7-4D06-AD08-79FD7229FBDE}.Release|Any CPU.ActiveCfg = Release|Any CPU
		{FCCE39BA-5EA7-4D06-AD08-79FD7229FBDE}.Release|Any CPU.Build.0 = Release|Any CPU
		{A023A925-2B2C-49D0-A537-68A581938824}.Debug|Any CPU.ActiveCfg = Debug|Any CPU
		{A023A925-2B2C-49D0-A537-68A581938824}.Debug|Any CPU.Build.0 = Debug|Any CPU
		{A023A925-2B2C-49D0-A537-68A581938824}.Release|Any CPU.ActiveCfg = Release|Any CPU
		{A023A925-2B2C-49D0-A537-68A581938824}.Release|Any CPU.Build.0 = Release|Any CPU
		{BD605ABF-E950-4D45-8692-4FF0A81A4106}.Debug|Any CPU.ActiveCfg = Debug|Any CPU
		{BD605ABF-E950-4D45-8692-4FF0A81A4106}.Debug|Any CPU.Build.0 = Debug|Any CPU
		{BD605ABF-E950-4D45-8692-4FF0A81A4106}.Release|Any CPU.ActiveCfg = Release|Any CPU
		{BD605ABF-E950-4D45-8692-4FF0A81A4106}.Release|Any CPU.Build.0 = Release|Any CPU
		{CDE796FD-C24E-4AB5-B6FA-4213865C430A}.Debug|Any CPU.ActiveCfg = Debug|Any CPU
		{CDE796FD-C24E-4AB5-B6FA-4213865C430A}.Debug|Any CPU.Build.0 = Debug|Any CPU
		{CDE796FD-C24E-4AB5-B6FA-4213865C430A}.Release|Any CPU.ActiveCfg = Release|Any CPU
		{CDE796FD-C24E-4AB5-B6FA-4213865C430A}.Release|Any CPU.Build.0 = Release|Any CPU
		{71B8DBFD-7DBE-4CA0-94EC-C7F13B5EF4A6}.Debug|Any CPU.ActiveCfg = Debug|Any CPU
		{71B8DBFD-7DBE-4CA0-94EC-C7F13B5EF4A6}.Debug|Any CPU.Build.0 = Debug|Any CPU
		{71B8DBFD-7DBE-4CA0-94EC-C7F13B5EF4A6}.Release|Any CPU.ActiveCfg = Release|Any CPU
		{71B8DBFD-7DBE-4CA0-94EC-C7F13B5EF4A6}.Release|Any CPU.Build.0 = Release|Any CPU
		{4165FED4-1E63-4915-B096-F02EAE28ABEC}.Debug|Any CPU.ActiveCfg = Debug|Any CPU
		{4165FED4-1E63-4915-B096-F02EAE28ABEC}.Debug|Any CPU.Build.0 = Debug|Any CPU
		{4165FED4-1E63-4915-B096-F02EAE28ABEC}.Release|Any CPU.ActiveCfg = Release|Any CPU
		{4165FED4-1E63-4915-B096-F02EAE28ABEC}.Release|Any CPU.Build.0 = Release|Any CPU
		{CE4F65F7-9FFC-4499-A201-B0462C1F0D52}.Debug|Any CPU.ActiveCfg = Debug|Any CPU
		{CE4F65F7-9FFC-4499-A201-B0462C1F0D52}.Debug|Any CPU.Build.0 = Debug|Any CPU
		{CE4F65F7-9FFC-4499-A201-B0462C1F0D52}.Release|Any CPU.ActiveCfg = Release|Any CPU
		{CE4F65F7-9FFC-4499-A201-B0462C1F0D52}.Release|Any CPU.Build.0 = Release|Any CPU
		{F810D2D8-ABB9-43C5-9053-827CB51CA6BA}.Debug|Any CPU.ActiveCfg = Debug|Any CPU
		{F810D2D8-ABB9-43C5-9053-827CB51CA6BA}.Debug|Any CPU.Build.0 = Debug|Any CPU
		{F810D2D8-ABB9-43C5-9053-827CB51CA6BA}.Release|Any CPU.ActiveCfg = Release|Any CPU
		{F810D2D8-ABB9-43C5-9053-827CB51CA6BA}.Release|Any CPU.Build.0 = Release|Any CPU
		{0C64460B-FA2F-412B-B1FC-DBB5AFF10FFF}.Debug|Any CPU.ActiveCfg = Debug|Any CPU
		{0C64460B-FA2F-412B-B1FC-DBB5AFF10FFF}.Debug|Any CPU.Build.0 = Debug|Any CPU
		{0C64460B-FA2F-412B-B1FC-DBB5AFF10FFF}.Release|Any CPU.ActiveCfg = Release|Any CPU
		{0C64460B-FA2F-412B-B1FC-DBB5AFF10FFF}.Release|Any CPU.Build.0 = Release|Any CPU
		{F0237369-3723-495A-96BF-5D0A1BB5B1EA}.Debug|Any CPU.ActiveCfg = Debug|Any CPU
		{F0237369-3723-495A-96BF-5D0A1BB5B1EA}.Debug|Any CPU.Build.0 = Debug|Any CPU
		{F0237369-3723-495A-96BF-5D0A1BB5B1EA}.Release|Any CPU.ActiveCfg = Release|Any CPU
		{F0237369-3723-495A-96BF-5D0A1BB5B1EA}.Release|Any CPU.Build.0 = Release|Any CPU
	EndGlobalSection
	GlobalSection(SolutionProperties) = preSolution
		HideSolutionNode = FALSE
	EndGlobalSection
	GlobalSection(NestedProjects) = preSolution
		{CC7D7CFB-9EB8-45F6-8791-B95E8ED2B125} = {D8C22184-8D50-440E-AFA0-2090A6A6AC98}
		{4165FED4-1E63-4915-B096-F02EAE28ABEC} = {52B297F8-501B-4E8F-B7B4-E5040973F429}
		{CE4F65F7-9FFC-4499-A201-B0462C1F0D52} = {52B297F8-501B-4E8F-B7B4-E5040973F429}
		{87D6EA89-F134-41B9-8015-5E5CF7B93DA2} = {E4BAAA74-B2C3-4398-924B-E9DB953B0B1C}
		{F810D2D8-ABB9-43C5-9053-827CB51CA6BA} = {E4BAAA74-B2C3-4398-924B-E9DB953B0B1C}
	EndGlobalSection
	GlobalSection(ExtensibilityGlobals) = postSolution
		SolutionGuid = {65B36CB7-1C08-480C-96F5-F480F39A709F}
	EndGlobalSection
	GlobalSection(SharedMSBuildProjectFiles) = preSolution
		123 - CDMyModbus\NModbus4Shared\NModbus4Shared.projitems*{87d6ea89-f134-41b9-8015-5e5cf7b93da2}*SharedItemsImports = 13
		123 - CDMyModbus\NModbus4Shared\NModbus4Shared.projitems*{f810d2d8-abb9-43c5-9053-827cb51ca6ba}*SharedItemsImports = 5
	EndGlobalSection
EndGlobal
